
Microsoft Visual Studio Solution File, Format Version 12.00
# Visual Studio 14
VisualStudioVersion = 14.0.25420.1
MinimumVisualStudioVersion = 10.0.40219.1
Project("{FAE04EC0-301F-11D3-BF4B-00C04F79EFBC}") = "Vektorel.Konsol.SinavApp", "Vektorel.Konsol.SinavApp\Vektorel.Konsol.SinavApp.csproj", "{025A2ACC-09AD-4ED0-84AF-A8654D3E519F}"
EndProject
Project("{FAE04EC0-301F-11D3-BF4B-00C04F79EFBC}") = "UtilityLib", "UtilityLib\UtilityLib.csproj", "{D591706F-C958-4E48-B5A4-0FF1AEF638F3}"
EndProject
Global
	GlobalSection(SolutionConfigurationPlatforms) = preSolution
		Debug|Any CPU = Debug|Any CPU
		Release|Any CPU = Release|Any CPU
	EndGlobalSection
	GlobalSection(ProjectConfigurationPlatforms) = postSolution
		{025A2ACC-09AD-4ED0-84AF-A8654D3E519F}.Debug|Any CPU.ActiveCfg = Debug|Any CPU
		{025A2ACC-09AD-4ED0-84AF-A8654D3E519F}.Debug|Any CPU.Build.0 = Debug|Any CPU
		{025A2ACC-09AD-4ED0-84AF-A8654D3E519F}.Release|Any CPU.ActiveCfg = Release|Any CPU
		{025A2ACC-09AD-4ED0-84AF-A8654D3E519F}.Release|Any CPU.Build.0 = Release|Any CPU
		{D591706F-C958-4E48-B5A4-0FF1AEF638F3}.Debug|Any CPU.ActiveCfg = Debug|Any CPU
		{D591706F-C958-4E48-B5A4-0FF1AEF638F3}.Debug|Any CPU.Build.0 = Debug|Any CPU
		{D591706F-C958-4E48-B5A4-0FF1AEF638F3}.Release|Any CPU.ActiveCfg = Release|Any CPU
		{D591706F-C958-4E48-B5A4-0FF1AEF638F3}.Release|Any CPU.Build.0 = Release|Any CPU
	EndGlobalSection
	GlobalSection(SolutionProperties) = preSolution
		HideSolutionNode = FALSE
	EndGlobalSection
EndGlobal
